
Microsoft Visual Studio Solution File, Format Version 12.00
# Visual Studio 15
VisualStudioVersion = 15.0.28307.271
MinimumVisualStudioVersion = 10.0.40219.1
Project("{FAE04EC0-301F-11D3-BF4B-00C04F79EFBC}") = "Guessing_Game_Spring_19", "Guessing_Game_Spring_19\Guessing_Game_Spring_19.csproj", "{33D1C101-D9FC-40E9-A0E2-1885EC426867}"
EndProject
Global
	GlobalSection(SolutionConfigurationPlatforms) = preSolution
		Debug|Any CPU = Debug|Any CPU
		Release|Any CPU = Release|Any CPU
	EndGlobalSection
	GlobalSection(ProjectConfigurationPlatforms) = postSolution
		{33D1C101-D9FC-40E9-A0E2-1885EC426867}.Debug|Any CPU.ActiveCfg = Debug|Any CPU
		{33D1C101-D9FC-40E9-A0E2-1885EC426867}.Debug|Any CPU.Build.0 = Debug|Any CPU
		{33D1C101-D9FC-40E9-A0E2-1885EC426867}.Release|Any CPU.ActiveCfg = Release|Any CPU
		{33D1C101-D9FC-40E9-A0E2-1885EC426867}.Release|Any CPU.Build.0 = Release|Any CPU
	EndGlobalSection
	GlobalSection(SolutionProperties) = preSolution
		HideSolutionNode = FALSE
	EndGlobalSection
	GlobalSection(ExtensibilityGlobals) = postSolution
		SolutionGuid = {B40557AC-FB95-4FF8-87BF-713FC5005424}
	EndGlobalSection
EndGlobal
